<?xml version="1.0" encoding="utf-8"?>
<Project ToolsVersion="4.0" xmlns="http://schemas.microsoft.com/developer/msbuild/2003">
  <ItemGroup>
    <Filter Include="Source Files">
      <UniqueIdentifier>{4FC737F1-C7A5-4376-A066-2A32D752A2FF}</UniqueIdentifier>
      <Extensions>cpp;c;cc;cxx;def;odl;idl;hpj;bat;asm;asmx</Extensions>
    </Filter>
    <Filter Include="Header Files">
      <UniqueIdentifier>{93995380-89BD-4b04-88EB-625FBE52EBFB}</UniqueIdentifier>
      <Extensions>h;hh;hpp;hxx;hm;inl;inc;xsd</Extensions>
    </Filter>
    <Filter Include="Resource Files">
      <UniqueIdentifier>{67DA6AB6-F800-4c08-8B7A-83BB121AAD01}</UniqueIdentifier>
      <Extensions>rc;ico;cur;bmp;dlg;rc2;rct;bin;rgs;gif;jpg;jpeg;jpe;resx;tiff;tif;png;wav;mfcribbon-ms</Extensions>
    </Filter>
  </ItemGroup>
  <ItemGroup>
    <Text Include="ReadMe.txt" />
  </ItemGroup>
  <ItemGroup>
    <ClInclude Include="RPGame.h">
      <Filter>Header Files</Filter>
    </ClInclude>
    <ClInclude Include="RPGameDlg.h">
      <Filter>Header Files</Filter>
    </ClInclude>
    <ClInclude Include="stdafx.h">
      <Filter>Header Files</Filter>
    </ClInclude>
    <ClInclude Include="targetver.h">
      <Filter>Header Files</Filter>
    </ClInclude>
    <ClInclude Include="Resource.h">
      <Filter>Header Files</Filter>
    </ClInclude>
    <ClInclude Include="HeroCreation.h">
      <Filter>Header Files</Filter>
    </ClInclude>
    <ClInclude Include="HuntiongOptions.h">
      <Filter>Header Files</Filter>
    </ClInclude>
    <ClInclude Include="Hunting.h">
      <Filter>Header Files</Filter>
    </ClInclude>
    <ClInclude Include="Hero.h">
      <Filter>Header Files</Filter>
    </ClInclude>
    <ClInclude Include="Enemy.h">
      <Filter>Header Files</Filter>
    </ClInclude>
    <ClInclude Include="LevelUp.h">
      <Filter>Header Files</Filter>
    </ClInclude>
  </ItemGroup>
  <ItemGroup>
    <ClCompile Include="RPGame.cpp">
      <Filter>Source Files</Filter>
    </ClCompile>
    <ClCompile Include="RPGameDlg.cpp">
      <Filter>Source Files</Filter>
    </ClCompile>
    <ClCompile Include="stdafx.cpp">
      <Filter>Source Files</Filter>
    </ClCompile>
    <ClCompile Include="HeroCreation.cpp">
      <Filter>Source Files</Filter>
    </ClCompile>
    <ClCompile Include="HuntiongOptions.cpp">
      <Filter>Source Files</Filter>
    </ClCompile>
    <ClCompile Include="Hunting.cpp">
      <Filter>Source Files</Filter>
    </ClCompile>
    <ClCompile Include="Hero.cpp">
      <Filter>Source Files</Filter>
    </ClCompile>
    <ClCompile Include="Enemy.cpp">
      <Filter>Source Files</Filter>
    </ClCompile>
    <ClCompile Include="LevelUp.cpp">
      <Filter>Source Files</Filter>
    </ClCompile>
  </ItemGroup>
  <ItemGroup>
    <ResourceCompile Include="RPGame.rc">
      <Filter>Resource Files</Filter>
    </ResourceCompile>
  </ItemGroup>
  <ItemGroup>
    <None Include="res\RPGame.rc2">
      <Filter>Resource Files</Filter>
    </None>
  </ItemGroup>
  <ItemGroup>
    <Image Include="res\RPGame.ico">
      <Filter>Resource Files</Filter>
    </Image>
    <Image Include="res\avatar_warrior.bmp">
      <Filter>Resource Files</Filter>
    </Image>
    <Image Include="res\avatar_rogue.bmp">
      <Filter>Resource Files</Filter>
    </Image>
    <Image Include="res\avatar_mage.bmp">
      <Filter>Resource Files</Filter>
    </Image>
    <Image Include="res\slime.bmp">
      <Filter>Resource Files</Filter>
    </Image>
    <Image Include="res\slime_mask.bmp">
      <Filter>Resource Files</Filter>
    </Image>
    <Image Include="res\background.bmp">
      <Filter>Resource Files</Filter>
    </Image>
    <Image Include="res\warrior_mask.bmp">
      <Filter>Resource Files</Filter>
    </Image>
    <Image Include="res\rogue_mask.bmp">
      <Filter>Resource Files</Filter>
    </Image>
    <Image Include="res\mage_mask.bmp">
      <Filter>Resource Files</Filter>
    </Image>
    <Image Include="res\bear.bmp">
      <Filter>Resource Files</Filter>
    </Image>
    <Image Include="res\bear_mask.bmp">
      <Filter>Resource Files</Filter>
    </Image>
    <Image Include="res\boar.bmp">
      <Filter>Resource Files</Filter>
    </Image>
    <Image Include="res\boar_mask.bmp">
      <Filter>Resource Files</Filter>
    </Image>
    <Image Include="res\hawk.bmp">
      <Filter>Resource Files</Filter>
    </Image>
    <Image Include="res\hawk_mask.bmp">
      <Filter>Resource Files</Filter>
    </Image>
    <Image Include="res\wolf.bmp">
      <Filter>Resource Files</Filter>
    </Image>
    <Image Include="res\wolf_mask.bmp">
      <Filter>Resource Files</Filter>
    </Image>
  </ItemGroup>
</Project>